
Microsoft Visual Studio Solution File, Format Version 12.00
# Visual Studio 14
VisualStudioVersion = 14.0.25420.1
MinimumVisualStudioVersion = 10.0.40219.1
Project("{FAE04EC0-301F-11D3-BF4B-00C04F79EFBC}") = "DataImport", "DataImport\DataImport.csproj", "{20441AAB-7F04-42EC-8627-7286A8DEBA8A}"
EndProject
Project("{FAE04EC0-301F-11D3-BF4B-00C04F79EFBC}") = "Remote", "Remote\Remote.csproj", "{9B7FBF91-4447-44C6-88D4-6D20D957B28F}"
EndProject
Project("{2150E333-8FDC-42A3-9474-1A3956D46DE8}") = "Data", "Data", "{B91CF957-D75C-4938-A8AF-AC68A0BE925C}"
	ProjectSection(SolutionItems) = preProject
		Data\2014_CryptosporidiosisToDengue.csv = Data\2014_CryptosporidiosisToDengue.csv
		Data\2014_EhrlichiosisAnaplasmosisDisease.csv = Data\2014_EhrlichiosisAnaplasmosisDisease.csv
		Data\2014_GiardiasisToHaemophilusInfluenza.csv = Data\2014_GiardiasisToHaemophilusInfluenza.csv
		Data\2014_SpottedFeverRickettsiosisToSyphillis.csv = Data\2014_SpottedFeverRickettsiosisToSyphillis.csv
		Data\2014_VaricellaToWestNileVirusDisease.csv = Data\2014_VaricellaToWestNileVirusDisease.csv
		Data\2015_ChlamydiaToCoccidioidomycosis.csv = Data\2015_ChlamydiaToCoccidioidomycosis.csv
		Data\2015_EhrlichiosisAnaplasmosisDisease.csv.csv = Data\2015_EhrlichiosisAnaplasmosisDisease.csv.csv
		Data\2015_GiardiasisToHaemophilusInfluenza.csv = Data\2015_GiardiasisToHaemophilusInfluenza.csv
		Data\2015_SpottedFeverRickettsiosisToSyphillis.csv = Data\2015_SpottedFeverRickettsiosisToSyphillis.csv
		Data\2015_TetanusToVibriosis.csv = Data\2015_TetanusToVibriosis.csv
		Data\2015_WestNileVirusDisease.csv = Data\2015_WestNileVirusDisease.csv
		Data\2016_ChlamydiaToCoccidioidomycosis.csv = Data\2016_ChlamydiaToCoccidioidomycosis.csv
		Data\2016_CryptosporidiosisToDengue.csv = Data\2016_CryptosporidiosisToDengue.csv
		Data\2016_EhrlichiosisAnaplasmosisDisease.csv.csv = Data\2016_EhrlichiosisAnaplasmosisDisease.csv.csv
		Data\2016_GiardiasisToHaemophilusInfluenza.csv = Data\2016_GiardiasisToHaemophilusInfluenza.csv
		Data\2016_MumpsToRabies.csv = Data\2016_MumpsToRabies.csv
		Data\2016_RubellaToSalmonellosis.csv = Data\2016_RubellaToSalmonellosis.csv
		Data\2016_ShigaToxinToShigellosis.csv = Data\2016_ShigaToxinToShigellosis.csv
		Data\2016_SpottedFeverRickettsiosisToSyphillis.csv = Data\2016_SpottedFeverRickettsiosisToSyphillis.csv
		Data\2016_TetanusToVibriosis.csv = Data\2016_TetanusToVibriosis.csv
		Data\2016_WestNileVirusDisease.csv = Data\2016_WestNileVirusDisease.csv
	EndProjectSection
EndProject
Global
	GlobalSection(SolutionConfigurationPlatforms) = preSolution
		Debug|Any CPU = Debug|Any CPU
		Release|Any CPU = Release|Any CPU
	EndGlobalSection
	GlobalSection(ProjectConfigurationPlatforms) = postSolution
		{20441AAB-7F04-42EC-8627-7286A8DEBA8A}.Debug|Any CPU.ActiveCfg = Debug|Any CPU
		{20441AAB-7F04-42EC-8627-7286A8DEBA8A}.Debug|Any CPU.Build.0 = Debug|Any CPU
		{20441AAB-7F04-42EC-8627-7286A8DEBA8A}.Release|Any CPU.ActiveCfg = Release|Any CPU
		{20441AAB-7F04-42EC-8627-7286A8DEBA8A}.Release|Any CPU.Build.0 = Release|Any CPU
		{9B7FBF91-4447-44C6-88D4-6D20D957B28F}.Debug|Any CPU.ActiveCfg = Debug|Any CPU
		{9B7FBF91-4447-44C6-88D4-6D20D957B28F}.Debug|Any CPU.Build.0 = Debug|Any CPU
		{9B7FBF91-4447-44C6-88D4-6D20D957B28F}.Release|Any CPU.ActiveCfg = Release|Any CPU
		{9B7FBF91-4447-44C6-88D4-6D20D957B28F}.Release|Any CPU.Build.0 = Release|Any CPU
	EndGlobalSection
	GlobalSection(SolutionProperties) = preSolution
		HideSolutionNode = FALSE
	EndGlobalSection
EndGlobal
