
Microsoft Visual Studio Solution File, Format Version 12.00
# Visual Studio 14
VisualStudioVersion = 14.0.25420.1
MinimumVisualStudioVersion = 10.0.40219.1
Project("{FAE04EC0-301F-11D3-BF4B-00C04F79EFBC}") = "DataImport", "DataImport\DataImport.csproj", "{20441AAB-7F04-42EC-8627-7286A8DEBA8A}"
EndProject
Project("{FAE04EC0-301F-11D3-BF4B-00C04F79EFBC}") = "Remote", "Remote\Remote.csproj", "{9B7FBF91-4447-44C6-88D4-6D20D957B28F}"
EndProject
Project("{2150E333-8FDC-42A3-9474-1A3956D46DE8}") = "Data", "Data", "{8C2E3551-4519-4DA3-B5E2-09FD690F302E}"
EndProject
Project("{2150E333-8FDC-42A3-9474-1A3956D46DE8}") = "CDC", "CDC", "{B60699CF-0409-4AF3-8C04-2D29BE2AD172}"
	ProjectSection(SolutionItems) = preProject
		Data\CDC\Babesiosis_2014.csv = Data\CDC\Babesiosis_2014.csv
		Data\CDC\BabesiosisToCampylobacteriosis_2015.csv = Data\CDC\BabesiosisToCampylobacteriosis_2015.csv
		Data\CDC\BabesiosisToCampylobacteriosis_2016.csv = Data\CDC\BabesiosisToCampylobacteriosis_2016.csv
		Data\CDC\ChlamydiaToCoccidioidomycosis_2014.csv = Data\CDC\ChlamydiaToCoccidioidomycosis_2014.csv
		Data\CDC\ChlamydiaToCoccidioidomycosis_2015.csv = Data\CDC\ChlamydiaToCoccidioidomycosis_2015.csv
		Data\CDC\ChlamydiaToCoccidioidomycosis_2016.csv = Data\CDC\ChlamydiaToCoccidioidomycosis_2016.csv
		Data\CDC\CryptosporidiosisToDengue_2014.csv = Data\CDC\CryptosporidiosisToDengue_2014.csv
		Data\CDC\CryptosporidiosisToDengue_2015.csv = Data\CDC\CryptosporidiosisToDengue_2015.csv
		Data\CDC\CryptosporidiosisToDengue_2016.csv = Data\CDC\CryptosporidiosisToDengue_2016.csv
		Data\CDC\EhrlichiosisAnaplasmosisDisease_2014.csv = Data\CDC\EhrlichiosisAnaplasmosisDisease_2014.csv
		Data\CDC\EhrlichiosisAnaplasmosisDisease_2015.csv = Data\CDC\EhrlichiosisAnaplasmosisDisease_2015.csv
		Data\CDC\EhrlichiosisAnaplasmosisDisease_2016.csv = Data\CDC\EhrlichiosisAnaplasmosisDisease_2016.csv
		Data\CDC\GiardiasisToHaemophilusInfluenza_2014.csv = Data\CDC\GiardiasisToHaemophilusInfluenza_2014.csv
		Data\CDC\GiardiasisToHaemophilusInfluenza_2015.csv = Data\CDC\GiardiasisToHaemophilusInfluenza_2015.csv
		Data\CDC\GiardiasisToHaemophilusInfluenza_2016.csv = Data\CDC\GiardiasisToHaemophilusInfluenza_2016.csv
		Data\CDC\HepatitisViralAcute_2014.csv = Data\CDC\HepatitisViralAcute_2014.csv
		Data\CDC\HepatitisViralAcute_2015.csv = Data\CDC\HepatitisViralAcute_2015.csv
		Data\CDC\HepatitisViralAcute_2016.csv = Data\CDC\HepatitisViralAcute_2016.csv
		Data\CDC\InvasivePneumococcalToLegionellosis_2014.csv = Data\CDC\InvasivePneumococcalToLegionellosis_2014.csv
		Data\CDC\InvasivePneumococcalToLegionellosis_2015.csv = Data\CDC\InvasivePneumococcalToLegionellosis_2015.csv
		Data\CDC\InvasivePneumococcalToLegionellosis_2016.csv = Data\CDC\InvasivePneumococcalToLegionellosis_2016.csv
		Data\CDC\LymeDiseaseToMeningococcal_2014.csv = Data\CDC\LymeDiseaseToMeningococcal_2014.csv
		Data\CDC\LymeDiseaseToMeningococcal_2015.csv = Data\CDC\LymeDiseaseToMeningococcal_2015.csv
		Data\CDC\LymeDiseaseToMeningococcal_2016.csv = Data\CDC\LymeDiseaseToMeningococcal_2016.csv
		Data\CDC\MumpsToRabies_2014.csv = Data\CDC\MumpsToRabies_2014.csv
		Data\CDC\MumpsToRabies_2015.csv = Data\CDC\MumpsToRabies_2015.csv
		Data\CDC\MumpsToRabies_2016.csv = Data\CDC\MumpsToRabies_2016.csv
		Data\CDC\RubellaToSalmonellosis_2015.csv = Data\CDC\RubellaToSalmonellosis_2015.csv
		Data\CDC\RubellaToSalmonellosis_2016.csv = Data\CDC\RubellaToSalmonellosis_2016.csv
		Data\CDC\Salmonellosis_2014.csv = Data\CDC\Salmonellosis_2014.csv
		Data\CDC\SalmonellosisToShigellosis_2014.csv = Data\CDC\SalmonellosisToShigellosis_2014.csv
		Data\CDC\ShigaToxinToShigellosis_2014.csv = Data\CDC\ShigaToxinToShigellosis_2014.csv
		Data\CDC\ShigaToxinToShigellosis_2015.csv = Data\CDC\ShigaToxinToShigellosis_2015.csv
		Data\CDC\ShigaToxinToShigellosis_2016.csv = Data\CDC\ShigaToxinToShigellosis_2016.csv
		Data\CDC\SpottedFeverRickettsiosisToSyphillis_2014.csv = Data\CDC\SpottedFeverRickettsiosisToSyphillis_2014.csv
		Data\CDC\SpottedFeverRickettsiosisToSyphillis_2015.csv = Data\CDC\SpottedFeverRickettsiosisToSyphillis_2015.csv
		Data\CDC\SpottedFeverRickettsiosisToSyphillis_2016.csv = Data\CDC\SpottedFeverRickettsiosisToSyphillis_2016.csv
		Data\CDC\TetanusToVibriosis_2015.csv = Data\CDC\TetanusToVibriosis_2015.csv
		Data\CDC\TetanusToVibriosis_2016.csv = Data\CDC\TetanusToVibriosis_2016.csv
		Data\CDC\VaricellaToWestNileVirusDisease_2014.csv = Data\CDC\VaricellaToWestNileVirusDisease_2014.csv
		Data\CDC\WestNileVirusDisease_2015.csv = Data\CDC\WestNileVirusDisease_2015.csv
		Data\CDC\WestNileVirusDisease_2016.csv = Data\CDC\WestNileVirusDisease_2016.csv
	EndProjectSection
EndProject
Project("{2150E333-8FDC-42A3-9474-1A3956D46DE8}") = "NOAA", "NOAA", "{4D9E4B4C-D614-4A1A-9B0D-7906FA40F75B}"
	ProjectSection(SolutionItems) = preProject
		Data\NOAA\AL.csv = Data\NOAA\AL.csv
		Data\NOAA\AR.csv = Data\NOAA\AR.csv
		Data\NOAA\AZ.csv = Data\NOAA\AZ.csv
		Data\NOAA\CA.csv = Data\NOAA\CA.csv
		Data\NOAA\CO.csv = Data\NOAA\CO.csv
		Data\NOAA\CT.csv = Data\NOAA\CT.csv
		Data\NOAA\DE.csv = Data\NOAA\DE.csv
		Data\NOAA\FL.csv = Data\NOAA\FL.csv
		Data\NOAA\GA.csv = Data\NOAA\GA.csv
		Data\NOAA\IA.csv = Data\NOAA\IA.csv
		Data\NOAA\ID.csv = Data\NOAA\ID.csv
		Data\NOAA\IL.csv = Data\NOAA\IL.csv
		Data\NOAA\IN.csv = Data\NOAA\IN.csv
		Data\NOAA\KS.csv = Data\NOAA\KS.csv
		Data\NOAA\KY.csv = Data\NOAA\KY.csv
		Data\NOAA\LA.csv = Data\NOAA\LA.csv
		Data\NOAA\MA.csv = Data\NOAA\MA.csv
		Data\NOAA\MD.csv = Data\NOAA\MD.csv
		Data\NOAA\ME.csv = Data\NOAA\ME.csv
		Data\NOAA\MI.csv = Data\NOAA\MI.csv
		Data\NOAA\MN.csv = Data\NOAA\MN.csv
		Data\NOAA\MO.csv = Data\NOAA\MO.csv
		Data\NOAA\MS.csv = Data\NOAA\MS.csv
		Data\NOAA\MT.csv = Data\NOAA\MT.csv
		Data\NOAA\NC.csv = Data\NOAA\NC.csv
		Data\NOAA\ND.csv = Data\NOAA\ND.csv
		Data\NOAA\NE.csv = Data\NOAA\NE.csv
		Data\NOAA\NH.csv = Data\NOAA\NH.csv
		Data\NOAA\NJ.csv = Data\NOAA\NJ.csv
		Data\NOAA\NM.csv = Data\NOAA\NM.csv
		Data\NOAA\NV.csv = Data\NOAA\NV.csv
		Data\NOAA\NY.csv = Data\NOAA\NY.csv
		Data\NOAA\OH.csv = Data\NOAA\OH.csv
		Data\NOAA\OK.csv = Data\NOAA\OK.csv
		Data\NOAA\OR.csv = Data\NOAA\OR.csv
		Data\NOAA\PA.csv = Data\NOAA\PA.csv
		Data\NOAA\RI.csv = Data\NOAA\RI.csv
		Data\NOAA\SC.csv = Data\NOAA\SC.csv
		Data\NOAA\SD.csv = Data\NOAA\SD.csv
		Data\NOAA\TN.csv = Data\NOAA\TN.csv
		Data\NOAA\TX.csv = Data\NOAA\TX.csv
		Data\NOAA\UT.csv = Data\NOAA\UT.csv
		Data\NOAA\VA.csv = Data\NOAA\VA.csv
		Data\NOAA\VT.csv = Data\NOAA\VT.csv
		Data\NOAA\WA.csv = Data\NOAA\WA.csv
		Data\NOAA\WI.csv = Data\NOAA\WI.csv
		Data\NOAA\WV.csv = Data\NOAA\WV.csv
		Data\NOAA\WY.csv = Data\NOAA\WY.csv
	EndProjectSection
EndProject
Global
	GlobalSection(SolutionConfigurationPlatforms) = preSolution
		Debug|Any CPU = Debug|Any CPU
		Release|Any CPU = Release|Any CPU
	EndGlobalSection
	GlobalSection(ProjectConfigurationPlatforms) = postSolution
		{20441AAB-7F04-42EC-8627-7286A8DEBA8A}.Debug|Any CPU.ActiveCfg = Debug|Any CPU
		{20441AAB-7F04-42EC-8627-7286A8DEBA8A}.Debug|Any CPU.Build.0 = Debug|Any CPU
		{20441AAB-7F04-42EC-8627-7286A8DEBA8A}.Release|Any CPU.ActiveCfg = Release|Any CPU
		{20441AAB-7F04-42EC-8627-7286A8DEBA8A}.Release|Any CPU.Build.0 = Release|Any CPU
		{9B7FBF91-4447-44C6-88D4-6D20D957B28F}.Debug|Any CPU.ActiveCfg = Debug|Any CPU
		{9B7FBF91-4447-44C6-88D4-6D20D957B28F}.Debug|Any CPU.Build.0 = Debug|Any CPU
		{9B7FBF91-4447-44C6-88D4-6D20D957B28F}.Release|Any CPU.ActiveCfg = Release|Any CPU
		{9B7FBF91-4447-44C6-88D4-6D20D957B28F}.Release|Any CPU.Build.0 = Release|Any CPU
	EndGlobalSection
	GlobalSection(SolutionProperties) = preSolution
		HideSolutionNode = FALSE
	EndGlobalSection
	GlobalSection(NestedProjects) = preSolution
		{B60699CF-0409-4AF3-8C04-2D29BE2AD172} = {8C2E3551-4519-4DA3-B5E2-09FD690F302E}
		{4D9E4B4C-D614-4A1A-9B0D-7906FA40F75B} = {8C2E3551-4519-4DA3-B5E2-09FD690F302E}
	EndGlobalSection
EndGlobal
