
Microsoft Visual Studio Solution File, Format Version 12.00
# Visual Studio 14
VisualStudioVersion = 14.0.25420.1
MinimumVisualStudioVersion = 10.0.40219.1
Project("{FAE04EC0-301F-11D3-BF4B-00C04F79EFBC}") = "DataImport", "DataImport\DataImport.csproj", "{20441AAB-7F04-42EC-8627-7286A8DEBA8A}"
EndProject
Project("{FAE04EC0-301F-11D3-BF4B-00C04F79EFBC}") = "Remote", "Remote\Remote.csproj", "{9B7FBF91-4447-44C6-88D4-6D20D957B28F}"
EndProject
Project("{2150E333-8FDC-42A3-9474-1A3956D46DE8}") = "Data", "Data", "{8C2E3551-4519-4DA3-B5E2-09FD690F302E}"
EndProject
Project("{2150E333-8FDC-42A3-9474-1A3956D46DE8}") = "CDC", "CDC", "{B60699CF-0409-4AF3-8C04-2D29BE2AD172}"
	ProjectSection(SolutionItems) = preProject
		Data\CDC\Babesiosis_2014.csv = Data\CDC\Babesiosis_2014.csv
		Data\CDC\BabesiosisToCampylobacteriosis_2015.csv = Data\CDC\BabesiosisToCampylobacteriosis_2015.csv
		Data\CDC\BabesiosisToCampylobacteriosis_2016.csv = Data\CDC\BabesiosisToCampylobacteriosis_2016.csv
		Data\CDC\ChlamydiaToCoccidioidomycosis_2014.csv = Data\CDC\ChlamydiaToCoccidioidomycosis_2014.csv
		Data\CDC\ChlamydiaToCoccidioidomycosis_2015.csv = Data\CDC\ChlamydiaToCoccidioidomycosis_2015.csv
		Data\CDC\ChlamydiaToCoccidioidomycosis_2016.csv = Data\CDC\ChlamydiaToCoccidioidomycosis_2016.csv
		Data\CDC\CryptosporidiosisToDengue_2014.csv = Data\CDC\CryptosporidiosisToDengue_2014.csv
		Data\CDC\CryptosporidiosisToDengue_2015.csv = Data\CDC\CryptosporidiosisToDengue_2015.csv
		Data\CDC\CryptosporidiosisToDengue_2016.csv = Data\CDC\CryptosporidiosisToDengue_2016.csv
		Data\CDC\EhrlichiosisAnaplasmosisDisease_2014.csv = Data\CDC\EhrlichiosisAnaplasmosisDisease_2014.csv
		Data\CDC\EhrlichiosisAnaplasmosisDisease_2015.csv = Data\CDC\EhrlichiosisAnaplasmosisDisease_2015.csv
		Data\CDC\EhrlichiosisAnaplasmosisDisease_2016.csv = Data\CDC\EhrlichiosisAnaplasmosisDisease_2016.csv
		Data\CDC\GiardiasisToHaemophilusInfluenza_2014.csv = Data\CDC\GiardiasisToHaemophilusInfluenza_2014.csv
		Data\CDC\GiardiasisToHaemophilusInfluenza_2015.csv = Data\CDC\GiardiasisToHaemophilusInfluenza_2015.csv
		Data\CDC\GiardiasisToHaemophilusInfluenza_2016.csv = Data\CDC\GiardiasisToHaemophilusInfluenza_2016.csv
		Data\CDC\HepatitisViralAcute_2014.csv = Data\CDC\HepatitisViralAcute_2014.csv
		Data\CDC\HepatitisViralAcute_2015.csv = Data\CDC\HepatitisViralAcute_2015.csv
		Data\CDC\HepatitisViralAcute_2016.csv = Data\CDC\HepatitisViralAcute_2016.csv
		Data\CDC\InvasivePneumococcalToLegionellosis_2014.csv = Data\CDC\InvasivePneumococcalToLegionellosis_2014.csv
		Data\CDC\InvasivePneumococcalToLegionellosis_2015.csv = Data\CDC\InvasivePneumococcalToLegionellosis_2015.csv
		Data\CDC\InvasivePneumococcalToLegionellosis_2016.csv = Data\CDC\InvasivePneumococcalToLegionellosis_2016.csv
		Data\CDC\LymeDiseaseToMeningococcal_2014.csv = Data\CDC\LymeDiseaseToMeningococcal_2014.csv
		Data\CDC\LymeDiseaseToMeningococcal_2015.csv = Data\CDC\LymeDiseaseToMeningococcal_2015.csv
		Data\CDC\LymeDiseaseToMeningococcal_2016.csv = Data\CDC\LymeDiseaseToMeningococcal_2016.csv
		Data\CDC\MumpsToRabies_2014.csv = Data\CDC\MumpsToRabies_2014.csv
		Data\CDC\MumpsToRabies_2015.csv = Data\CDC\MumpsToRabies_2015.csv
		Data\CDC\MumpsToRabies_2016.csv = Data\CDC\MumpsToRabies_2016.csv
		Data\CDC\RubellaToSalmonellosis_2015.csv = Data\CDC\RubellaToSalmonellosis_2015.csv
		Data\CDC\RubellaToSalmonellosis_2016.csv = Data\CDC\RubellaToSalmonellosis_2016.csv
		Data\CDC\Salmonellosis_2014.csv = Data\CDC\Salmonellosis_2014.csv
		Data\CDC\SalmonellosisToShigellosis_2014.csv = Data\CDC\SalmonellosisToShigellosis_2014.csv
		Data\CDC\ShigaToxinToShigellosis_2014.csv = Data\CDC\ShigaToxinToShigellosis_2014.csv
		Data\CDC\ShigaToxinToShigellosis_2015.csv = Data\CDC\ShigaToxinToShigellosis_2015.csv
		Data\CDC\ShigaToxinToShigellosis_2016.csv = Data\CDC\ShigaToxinToShigellosis_2016.csv
		Data\CDC\SpottedFeverRickettsiosisToSyphillis_2014.csv = Data\CDC\SpottedFeverRickettsiosisToSyphillis_2014.csv
		Data\CDC\SpottedFeverRickettsiosisToSyphillis_2015.csv = Data\CDC\SpottedFeverRickettsiosisToSyphillis_2015.csv
		Data\CDC\SpottedFeverRickettsiosisToSyphillis_2016.csv = Data\CDC\SpottedFeverRickettsiosisToSyphillis_2016.csv
		Data\CDC\TetanusToVibriosis_2015.csv = Data\CDC\TetanusToVibriosis_2015.csv
		Data\CDC\TetanusToVibriosis_2016.csv = Data\CDC\TetanusToVibriosis_2016.csv
		Data\CDC\VaricellaToWestNileVirusDisease_2014.csv = Data\CDC\VaricellaToWestNileVirusDisease_2014.csv
		Data\CDC\WestNileVirusDisease_2015.csv = Data\CDC\WestNileVirusDisease_2015.csv
		Data\CDC\WestNileVirusDisease_2016.csv = Data\CDC\WestNileVirusDisease_2016.csv
	EndProjectSection
EndProject
Global
	GlobalSection(SolutionConfigurationPlatforms) = preSolution
		Debug|Any CPU = Debug|Any CPU
		Release|Any CPU = Release|Any CPU
	EndGlobalSection
	GlobalSection(ProjectConfigurationPlatforms) = postSolution
		{20441AAB-7F04-42EC-8627-7286A8DEBA8A}.Debug|Any CPU.ActiveCfg = Debug|Any CPU
		{20441AAB-7F04-42EC-8627-7286A8DEBA8A}.Debug|Any CPU.Build.0 = Debug|Any CPU
		{20441AAB-7F04-42EC-8627-7286A8DEBA8A}.Release|Any CPU.ActiveCfg = Release|Any CPU
		{20441AAB-7F04-42EC-8627-7286A8DEBA8A}.Release|Any CPU.Build.0 = Release|Any CPU
		{9B7FBF91-4447-44C6-88D4-6D20D957B28F}.Debug|Any CPU.ActiveCfg = Debug|Any CPU
		{9B7FBF91-4447-44C6-88D4-6D20D957B28F}.Debug|Any CPU.Build.0 = Debug|Any CPU
		{9B7FBF91-4447-44C6-88D4-6D20D957B28F}.Release|Any CPU.ActiveCfg = Release|Any CPU
		{9B7FBF91-4447-44C6-88D4-6D20D957B28F}.Release|Any CPU.Build.0 = Release|Any CPU
	EndGlobalSection
	GlobalSection(SolutionProperties) = preSolution
		HideSolutionNode = FALSE
	EndGlobalSection
	GlobalSection(NestedProjects) = preSolution
		{B60699CF-0409-4AF3-8C04-2D29BE2AD172} = {8C2E3551-4519-4DA3-B5E2-09FD690F302E}
	EndGlobalSection
EndGlobal
